
Microsoft Visual Studio Solution File, Format Version 12.00
# Visual Studio 2012
Project("{FAE04EC0-301F-11D3-BF4B-00C04F79EFBC}") = "XLActionSheet", "XLActionSheet\XLActionSheet.csproj", "{D0CCAA61-49F5-487D-8F70-0E6F0932A34A}"
EndProject
Project("{FAE04EC0-301F-11D3-BF4B-00C04F79EFBC}") = "Sample", "Sample\Sample.csproj", "{57D9A8B4-3EE0-410F-9D68-9E2073AD93A0}"
EndProject
Global
	GlobalSection(SolutionConfigurationPlatforms) = preSolution
		Debug|Any CPU = Debug|Any CPU
		Release|Any CPU = Release|Any CPU
		Debug|iPhoneSimulator = Debug|iPhoneSimulator
		Release|iPhone = Release|iPhone
		Release|iPhoneSimulator = Release|iPhoneSimulator
		Debug|iPhone = Debug|iPhone
	EndGlobalSection
	GlobalSection(ProjectConfigurationPlatforms) = postSolution
		{D0CCAA61-49F5-487D-8F70-0E6F0932A34A}.Debug|Any CPU.ActiveCfg = Debug|Any CPU
		{D0CCAA61-49F5-487D-8F70-0E6F0932A34A}.Debug|Any CPU.Build.0 = Debug|Any CPU
		{D0CCAA61-49F5-487D-8F70-0E6F0932A34A}.Release|Any CPU.ActiveCfg = Release|Any CPU
		{D0CCAA61-49F5-487D-8F70-0E6F0932A34A}.Release|Any CPU.Build.0 = Release|Any CPU
		{D0CCAA61-49F5-487D-8F70-0E6F0932A34A}.Debug|iPhoneSimulator.ActiveCfg = Debug|Any CPU
		{D0CCAA61-49F5-487D-8F70-0E6F0932A34A}.Debug|iPhoneSimulator.Build.0 = Debug|Any CPU
		{D0CCAA61-49F5-487D-8F70-0E6F0932A34A}.Release|iPhone.ActiveCfg = Release|Any CPU
		{D0CCAA61-49F5-487D-8F70-0E6F0932A34A}.Release|iPhone.Build.0 = Release|Any CPU
		{D0CCAA61-49F5-487D-8F70-0E6F0932A34A}.Release|iPhoneSimulator.ActiveCfg = Release|Any CPU
		{D0CCAA61-49F5-487D-8F70-0E6F0932A34A}.Release|iPhoneSimulator.Build.0 = Release|Any CPU
		{D0CCAA61-49F5-487D-8F70-0E6F0932A34A}.Debug|iPhone.ActiveCfg = Debug|Any CPU
		{D0CCAA61-49F5-487D-8F70-0E6F0932A34A}.Debug|iPhone.Build.0 = Debug|Any CPU
		{57D9A8B4-3EE0-410F-9D68-9E2073AD93A0}.Debug|Any CPU.ActiveCfg = Debug|iPhoneSimulator
		{57D9A8B4-3EE0-410F-9D68-9E2073AD93A0}.Debug|Any CPU.Build.0 = Debug|iPhoneSimulator
		{57D9A8B4-3EE0-410F-9D68-9E2073AD93A0}.Release|Any CPU.ActiveCfg = Release|iPhone
		{57D9A8B4-3EE0-410F-9D68-9E2073AD93A0}.Release|Any CPU.Build.0 = Release|iPhone
		{57D9A8B4-3EE0-410F-9D68-9E2073AD93A0}.Debug|iPhoneSimulator.ActiveCfg = Debug|iPhoneSimulator
		{57D9A8B4-3EE0-410F-9D68-9E2073AD93A0}.Debug|iPhoneSimulator.Build.0 = Debug|iPhoneSimulator
		{57D9A8B4-3EE0-410F-9D68-9E2073AD93A0}.Release|iPhone.ActiveCfg = Release|iPhone
		{57D9A8B4-3EE0-410F-9D68-9E2073AD93A0}.Release|iPhone.Build.0 = Release|iPhone
		{57D9A8B4-3EE0-410F-9D68-9E2073AD93A0}.Release|iPhoneSimulator.ActiveCfg = Release|iPhoneSimulator
		{57D9A8B4-3EE0-410F-9D68-9E2073AD93A0}.Release|iPhoneSimulator.Build.0 = Release|iPhoneSimulator
		{57D9A8B4-3EE0-410F-9D68-9E2073AD93A0}.Debug|iPhone.ActiveCfg = Debug|iPhone
		{57D9A8B4-3EE0-410F-9D68-9E2073AD93A0}.Debug|iPhone.Build.0 = Debug|iPhone
	EndGlobalSection
EndGlobal
